// !$*UTF8*$!
{
	archiveVersion = 1;
	classes = {
	};
	objectVersion = 55;
	objects = {

/* Begin PBXBuildFile section */
		042450F62A88B49200760AD7 /* RecipeDetailViewController.swift in Sources */ = {isa = PBXBuildFile; fileRef = 042450F52A88B49200760AD7 /* RecipeDetailViewController.swift */; };
		048DF0FA2A88829100335BF8 /* FirebaseManager.swift in Sources */ = {isa = PBXBuildFile; fileRef = 048DF0F92A88829100335BF8 /* FirebaseManager.swift */; };
		048DF0FC2A88830A00335BF8 /* Recipe.swift in Sources */ = {isa = PBXBuildFile; fileRef = 048DF0FB2A88830A00335BF8 /* Recipe.swift */; };
		048DF0FE2A88996400335BF8 /* NetworkingManager.swift in Sources */ = {isa = PBXBuildFile; fileRef = 048DF0FD2A88996400335BF8 /* NetworkingManager.swift */; };
		048DF1002A889ABA00335BF8 /* JsonManager.swift in Sources */ = {isa = PBXBuildFile; fileRef = 048DF0FF2A889ABA00335BF8 /* JsonManager.swift */; };
		048DF1042A889BCA00335BF8 /* FavRecipesTableViewController.swift in Sources */ = {isa = PBXBuildFile; fileRef = 048DF1032A889BCA00335BF8 /* FavRecipesTableViewController.swift */; };
		048DF1062A889BE600335BF8 /* FavRecipeDetailViewController.swift in Sources */ = {isa = PBXBuildFile; fileRef = 048DF1052A889BE600335BF8 /* FavRecipeDetailViewController.swift */; };
		048DF1082A889C4100335BF8 /* SearchTableViewController.swift in Sources */ = {isa = PBXBuildFile; fileRef = 048DF1072A889C4100335BF8 /* SearchTableViewController.swift */; };
		04D710A92A886A2700597698 /* AppDelegate.swift in Sources */ = {isa = PBXBuildFile; fileRef = 04D710A82A886A2700597698 /* AppDelegate.swift */; };
		04D710AB2A886A2700597698 /* SceneDelegate.swift in Sources */ = {isa = PBXBuildFile; fileRef = 04D710AA2A886A2700597698 /* SceneDelegate.swift */; };
		04D710B02A886A2700597698 /* Main.storyboard in Resources */ = {isa = PBXBuildFile; fileRef = 04D710AE2A886A2700597698 /* Main.storyboard */; };
		04D710B22A886A2800597698 /* Assets.xcassets in Resources */ = {isa = PBXBuildFile; fileRef = 04D710B12A886A2800597698 /* Assets.xcassets */; };
		04D710B52A886A2800597698 /* LaunchScreen.storyboard in Resources */ = {isa = PBXBuildFile; fileRef = 04D710B32A886A2800597698 /* LaunchScreen.storyboard */; };
		04D710BD2A886ADA00597698 /* GoogleService-Info.plist in Resources */ = {isa = PBXBuildFile; fileRef = 04D710BC2A886ADA00597698 /* GoogleService-Info.plist */; };
		91F9E9ECD64A36F1EB44C26E /* Pods_RecipeApp.framework in Frameworks */ = {isa = PBXBuildFile; fileRef = 404C05A169C2FAE1373E5285 /* Pods_RecipeApp.framework */; };
/* End PBXBuildFile section */

/* Begin PBXFileReference section */
		042450F52A88B49200760AD7 /* RecipeDetailViewController.swift */ = {isa = PBXFileReference; lastKnownFileType = sourcecode.swift; path = RecipeDetailViewController.swift; sourceTree = "<group>"; };
		048DF0F92A88829100335BF8 /* FirebaseManager.swift */ = {isa = PBXFileReference; lastKnownFileType = sourcecode.swift; path = FirebaseManager.swift; sourceTree = "<group>"; };
		048DF0FB2A88830A00335BF8 /* Recipe.swift */ = {isa = PBXFileReference; lastKnownFileType = sourcecode.swift; path = Recipe.swift; sourceTree = "<group>"; };
		048DF0FD2A88996400335BF8 /* NetworkingManager.swift */ = {isa = PBXFileReference; lastKnownFileType = sourcecode.swift; path = NetworkingManager.swift; sourceTree = "<group>"; };
		048DF0FF2A889ABA00335BF8 /* JsonManager.swift */ = {isa = PBXFileReference; lastKnownFileType = sourcecode.swift; path = JsonManager.swift; sourceTree = "<group>"; };
		048DF1032A889BCA00335BF8 /* FavRecipesTableViewController.swift */ = {isa = PBXFileReference; lastKnownFileType = sourcecode.swift; path = FavRecipesTableViewController.swift; sourceTree = "<group>"; };
		048DF1052A889BE600335BF8 /* FavRecipeDetailViewController.swift */ = {isa = PBXFileReference; lastKnownFileType = sourcecode.swift; path = FavRecipeDetailViewController.swift; sourceTree = "<group>"; };
		048DF1072A889C4100335BF8 /* SearchTableViewController.swift */ = {isa = PBXFileReference; lastKnownFileType = sourcecode.swift; path = SearchTableViewController.swift; sourceTree = "<group>"; };
		04D710A52A886A2700597698 /* RecipeApp.app */ = {isa = PBXFileReference; explicitFileType = wrapper.application; includeInIndex = 0; path = RecipeApp.app; sourceTree = BUILT_PRODUCTS_DIR; };
		04D710A82A886A2700597698 /* AppDelegate.swift */ = {isa = PBXFileReference; lastKnownFileType = sourcecode.swift; path = AppDelegate.swift; sourceTree = "<group>"; };
		04D710AA2A886A2700597698 /* SceneDelegate.swift */ = {isa = PBXFileReference; lastKnownFileType = sourcecode.swift; path = SceneDelegate.swift; sourceTree = "<group>"; };
		04D710AF2A886A2700597698 /* Base */ = {isa = PBXFileReference; lastKnownFileType = file.storyboard; name = Base; path = Base.lproj/Main.storyboard; sourceTree = "<group>"; };
		04D710B12A886A2800597698 /* Assets.xcassets */ = {isa = PBXFileReference; lastKnownFileType = folder.assetcatalog; path = Assets.xcassets; sourceTree = "<group>"; };
		04D710B42A886A2800597698 /* Base */ = {isa = PBXFileReference; lastKnownFileType = file.storyboard; name = Base; path = Base.lproj/LaunchScreen.storyboard; sourceTree = "<group>"; };
		04D710B62A886A2800597698 /* Info.plist */ = {isa = PBXFileReference; lastKnownFileType = text.plist.xml; path = Info.plist; sourceTree = "<group>"; };
		04D710BC2A886ADA00597698 /* GoogleService-Info.plist */ = {isa = PBXFileReference; fileEncoding = 4; lastKnownFileType = text.plist.xml; name = "GoogleService-Info.plist"; path = "../../../../../../../../Desktop/GoogleService-Info.plist"; sourceTree = "<group>"; };
		404C05A169C2FAE1373E5285 /* Pods_RecipeApp.framework */ = {isa = PBXFileReference; explicitFileType = wrapper.framework; includeInIndex = 0; path = Pods_RecipeApp.framework; sourceTree = BUILT_PRODUCTS_DIR; };
		6902F33A2AE6C40BB3FE1E74 /* Pods-RecipeApp.release.xcconfig */ = {isa = PBXFileReference; includeInIndex = 1; lastKnownFileType = text.xcconfig; name = "Pods-RecipeApp.release.xcconfig"; path = "Target Support Files/Pods-RecipeApp/Pods-RecipeApp.release.xcconfig"; sourceTree = "<group>"; };
		A8FF7370AADB4FAC1BF9AE6B /* Pods-RecipeApp.debug.xcconfig */ = {isa = PBXFileReference; includeInIndex = 1; lastKnownFileType = text.xcconfig; name = "Pods-RecipeApp.debug.xcconfig"; path = "Target Support Files/Pods-RecipeApp/Pods-RecipeApp.debug.xcconfig"; sourceTree = "<group>"; };
/* End PBXFileReference section */

/* Begin PBXFrameworksBuildPhase section */
		04D710A22A886A2700597698 /* Frameworks */ = {
			isa = PBXFrameworksBuildPhase;
			buildActionMask = 2147483647;
			files = (
				91F9E9ECD64A36F1EB44C26E /* Pods_RecipeApp.framework in Frameworks */,
			);
			runOnlyForDeploymentPostprocessing = 0;
		};
/* End PBXFrameworksBuildPhase section */

/* Begin PBXGroup section */
		04D7109C2A886A2700597698 = {
			isa = PBXGroup;
			children = (
				04D710A72A886A2700597698 /* RecipeApp */,
				04D710A62A886A2700597698 /* Products */,
				270123E9EE6CA43BD5573361 /* Pods */,
				35FAD6A93B64BF40A79AE792 /* Frameworks */,
			);
			sourceTree = "<group>";
		};
		04D710A62A886A2700597698 /* Products */ = {
			isa = PBXGroup;
			children = (
				04D710A52A886A2700597698 /* RecipeApp.app */,
			);
			name = Products;
			sourceTree = "<group>";
		};
		04D710A72A886A2700597698 /* RecipeApp */ = {
			isa = PBXGroup;
			children = (
				04D710A82A886A2700597698 /* AppDelegate.swift */,
				048DF0FB2A88830A00335BF8 /* Recipe.swift */,
				048DF0F92A88829100335BF8 /* FirebaseManager.swift */,
				048DF0FD2A88996400335BF8 /* NetworkingManager.swift */,
				04D710AA2A886A2700597698 /* SceneDelegate.swift */,
				04D710AE2A886A2700597698 /* Main.storyboard */,
				04D710BC2A886ADA00597698 /* GoogleService-Info.plist */,
				04D710B12A886A2800597698 /* Assets.xcassets */,
				04D710B32A886A2800597698 /* LaunchScreen.storyboard */,
				04D710B62A886A2800597698 /* Info.plist */,
				048DF0FF2A889ABA00335BF8 /* JsonManager.swift */,
				048DF1032A889BCA00335BF8 /* FavRecipesTableViewController.swift */,
				048DF1052A889BE600335BF8 /* FavRecipeDetailViewController.swift */,
				048DF1072A889C4100335BF8 /* SearchTableViewController.swift */,
				042450F52A88B49200760AD7 /* RecipeDetailViewController.swift */,
			);
			path = RecipeApp;
			sourceTree = "<group>";
		};
		270123E9EE6CA43BD5573361 /* Pods */ = {
			isa = PBXGroup;
			children = (
				A8FF7370AADB4FAC1BF9AE6B /* Pods-RecipeApp.debug.xcconfig */,
				6902F33A2AE6C40BB3FE1E74 /* Pods-RecipeApp.release.xcconfig */,
			);
			path = Pods;
			sourceTree = "<group>";
		};
		35FAD6A93B64BF40A79AE792 /* Frameworks */ = {
			isa = PBXGroup;
			children = (
				404C05A169C2FAE1373E5285 /* Pods_RecipeApp.framework */,
			);
			name = Frameworks;
			sourceTree = "<group>";
		};
/* End PBXGroup section */

/* Begin PBXNativeTarget section */
		04D710A42A886A2700597698 /* RecipeApp */ = {
			isa = PBXNativeTarget;
			buildConfigurationList = 04D710B92A886A2800597698 /* Build configuration list for PBXNativeTarget "RecipeApp" */;
			buildPhases = (
				0CA2215B1DCE29C3A8B481CF /* [CP] Check Pods Manifest.lock */,
				04D710A12A886A2700597698 /* Sources */,
				04D710A22A886A2700597698 /* Frameworks */,
				04D710A32A886A2700597698 /* Resources */,
				F599F4355911ED87D4308A57 /* [CP] Embed Pods Frameworks */,
			);
			buildRules = (
			);
			dependencies = (
			);
			name = RecipeApp;
			productName = RecipeApp;
			productReference = 04D710A52A886A2700597698 /* RecipeApp.app */;
			productType = "com.apple.product-type.application";
		};
/* End PBXNativeTarget section */

/* Begin PBXProject section */
		04D7109D2A886A2700597698 /* Project object */ = {
			isa = PBXProject;
			attributes = {
				BuildIndependentTargetsInParallel = 1;
				LastSwiftUpdateCheck = 1340;
				LastUpgradeCheck = 1340;
				TargetAttributes = {
					04D710A42A886A2700597698 = {
						CreatedOnToolsVersion = 13.4.1;
					};
				};
			};
			buildConfigurationList = 04D710A02A886A2700597698 /* Build configuration list for PBXProject "RecipeApp" */;
			compatibilityVersion = "Xcode 13.0";
			developmentRegion = en;
			hasScannedForEncodings = 0;
			knownRegions = (
				en,
				Base,
			);
			mainGroup = 04D7109C2A886A2700597698;
			productRefGroup = 04D710A62A886A2700597698 /* Products */;
			projectDirPath = "";
			projectRoot = "";
			targets = (
				04D710A42A886A2700597698 /* RecipeApp */,
			);
		};
/* End PBXProject section */

/* Begin PBXResourcesBuildPhase section */
		04D710A32A886A2700597698 /* Resources */ = {
			isa = PBXResourcesBuildPhase;
			buildActionMask = 2147483647;
			files = (
				04D710B52A886A2800597698 /* LaunchScreen.storyboard in Resources */,
				04D710BD2A886ADA00597698 /* GoogleService-Info.plist in Resources */,
				04D710B22A886A2800597698 /* Assets.xcassets in Resources */,
				04D710B02A886A2700597698 /* Main.storyboard in Resources */,
			);
			runOnlyForDeploymentPostprocessing = 0;
		};
/* End PBXResourcesBuildPhase section */

/* Begin PBXShellScriptBuildPhase section */
		0CA2215B1DCE29C3A8B481CF /* [CP] Check Pods Manifest.lock */ = {
			isa = PBXShellScriptBuildPhase;
			buildActionMask = 2147483647;
			files = (
			);
			inputFileListPaths = (
			);
			inputPaths = (
				"${PODS_PODFILE_DIR_PATH}/Podfile.lock",
				"${PODS_ROOT}/Manifest.lock",
			);
			name = "[CP] Check Pods Manifest.lock";
			outputFileListPaths = (
			);
			outputPaths = (
				"$(DERIVED_FILE_DIR)/Pods-RecipeApp-checkManifestLockResult.txt",
			);
			runOnlyForDeploymentPostprocessing = 0;
			shellPath = /bin/sh;
			shellScript = "diff \"${PODS_PODFILE_DIR_PATH}/Podfile.lock\" \"${PODS_ROOT}/Manifest.lock\" > /dev/null\nif [ $? != 0 ] ; then\n    # print error to STDERR\n    echo \"error: The sandbox is not in sync with the Podfile.lock. Run 'pod install' or update your CocoaPods installation.\" >&2\n    exit 1\nfi\n# This output is used by Xcode 'outputs' to avoid re-running this script phase.\necho \"SUCCESS\" > \"${SCRIPT_OUTPUT_FILE_0}\"\n";
			showEnvVarsInLog = 0;
		};
		F599F4355911ED87D4308A57 /* [CP] Embed Pods Frameworks */ = {
			isa = PBXShellScriptBuildPhase;
			buildActionMask = 2147483647;
			files = (
			);
			inputFileListPaths = (
				"${PODS_ROOT}/Target Support Files/Pods-RecipeApp/Pods-RecipeApp-frameworks-${CONFIGURATION}-input-files.xcfilelist",
			);
			name = "[CP] Embed Pods Frameworks";
			outputFileListPaths = (
				"${PODS_ROOT}/Target Support Files/Pods-RecipeApp/Pods-RecipeApp-frameworks-${CONFIGURATION}-output-files.xcfilelist",
			);
			runOnlyForDeploymentPostprocessing = 0;
			shellPath = /bin/sh;
			shellScript = "\"${PODS_ROOT}/Target Support Files/Pods-RecipeApp/Pods-RecipeApp-frameworks.sh\"\n";
			showEnvVarsInLog = 0;
		};
/* End PBXShellScriptBuildPhase section */

/* Begin PBXSourcesBuildPhase section */
		04D710A12A886A2700597698 /* Sources */ = {
			isa = PBXSourcesBuildPhase;
			buildActionMask = 2147483647;
			files = (
				048DF1062A889BE600335BF8 /* FavRecipeDetailViewController.swift in Sources */,
				048DF1082A889C4100335BF8 /* SearchTableViewController.swift in Sources */,
				048DF0FA2A88829100335BF8 /* FirebaseManager.swift in Sources */,
				048DF1002A889ABA00335BF8 /* JsonManager.swift in Sources */,
				04D710A92A886A2700597698 /* AppDelegate.swift in Sources */,
				048DF0FE2A88996400335BF8 /* NetworkingManager.swift in Sources */,
				048DF1042A889BCA00335BF8 /* FavRecipesTableViewController.swift in Sources */,
				04D710AB2A886A2700597698 /* SceneDelegate.swift in Sources */,
				042450F62A88B49200760AD7 /* RecipeDetailViewController.swift in Sources */,
				048DF0FC2A88830A00335BF8 /* Recipe.swift in Sources */,
			);
			runOnlyForDeploymentPostprocessing = 0;
		};
/* End PBXSourcesBuildPhase section */

/* Begin PBXVariantGroup section */
		04D710AE2A886A2700597698 /* Main.storyboard */ = {
			isa = PBXVariantGroup;
			children = (
				04D710AF2A886A2700597698 /* Base */,
			);
			name = Main.storyboard;
			sourceTree = "<group>";
		};
		04D710B32A886A2800597698 /* LaunchScreen.storyboard */ = {
			isa = PBXVariantGroup;
			children = (
				04D710B42A886A2800597698 /* Base */,
			);
			name = LaunchScreen.storyboard;
			sourceTree = "<group>";
		};
/* End PBXVariantGroup section */

/* Begin XCBuildConfiguration section */
		04D710B72A886A2800597698 /* Debug */ = {
			isa = XCBuildConfiguration;
			buildSettings = {
				ALWAYS_SEARCH_USER_PATHS = NO;
				CLANG_ANALYZER_NONNULL = YES;
				CLANG_ANALYZER_NUMBER_OBJECT_CONVERSION = YES_AGGRESSIVE;
				CLANG_CXX_LANGUAGE_STANDARD = "gnu++17";
				CLANG_ENABLE_MODULES = YES;
				CLANG_ENABLE_OBJC_ARC = YES;
				CLANG_ENABLE_OBJC_WEAK = YES;
				CLANG_WARN_BLOCK_CAPTURE_AUTORELEASING = YES;
				CLANG_WARN_BOOL_CONVERSION = YES;
				CLANG_WARN_COMMA = YES;
				CLANG_WARN_CONSTANT_CONVERSION = YES;
				CLANG_WARN_DEPRECATED_OBJC_IMPLEMENTATIONS = YES;
				CLANG_WARN_DIRECT_OBJC_ISA_USAGE = YES_ERROR;
				CLANG_WARN_DOCUMENTATION_COMMENTS = YES;
				CLANG_WARN_EMPTY_BODY = YES;
				CLANG_WARN_ENUM_CONVERSION = YES;
				CLANG_WARN_INFINITE_RECURSION = YES;
				CLANG_WARN_INT_CONVERSION = YES;
				CLANG_WARN_NON_LITERAL_NULL_CONVERSION = YES;
				CLANG_WARN_OBJC_IMPLICIT_RETAIN_SELF = YES;
				CLANG_WARN_OBJC_LITERAL_CONVERSION = YES;
				CLANG_WARN_OBJC_ROOT_CLASS = YES_ERROR;
				CLANG_WARN_QUOTED_INCLUDE_IN_FRAMEWORK_HEADER = YES;
				CLANG_WARN_RANGE_LOOP_ANALYSIS = YES;
				CLANG_WARN_STRICT_PROTOTYPES = YES;
				CLANG_WARN_SUSPICIOUS_MOVE = YES;
				CLANG_WARN_UNGUARDED_AVAILABILITY = YES_AGGRESSIVE;
				CLANG_WARN_UNREACHABLE_CODE = YES;
				CLANG_WARN__DUPLICATE_METHOD_MATCH = YES;
				COPY_PHASE_STRIP = NO;
				DEBUG_INFORMATION_FORMAT = dwarf;
				ENABLE_STRICT_OBJC_MSGSEND = YES;
				ENABLE_TESTABILITY = YES;
				GCC_C_LANGUAGE_STANDARD = gnu11;
				GCC_DYNAMIC_NO_PIC = NO;
				GCC_NO_COMMON_BLOCKS = YES;
				GCC_OPTIMIZATION_LEVEL = 0;
				GCC_PREPROCESSOR_DEFINITIONS = (
					"DEBUG=1",
					"$(inherited)",
				);
				GCC_WARN_64_TO_32_BIT_CONVERSION = YES;
				GCC_WARN_ABOUT_RETURN_TYPE = YES_ERROR;
				GCC_WARN_UNDECLARED_SELECTOR = YES;
				GCC_WARN_UNINITIALIZED_AUTOS = YES_AGGRESSIVE;
				GCC_WARN_UNUSED_FUNCTION = YES;
				GCC_WARN_UNUSED_VARIABLE = YES;
				IPHONEOS_DEPLOYMENT_TARGET = 15.5;
				MTL_ENABLE_DEBUG_INFO = INCLUDE_SOURCE;
				MTL_FAST_MATH = YES;
				ONLY_ACTIVE_ARCH = YES;
				SDKROOT = iphoneos;
				SWIFT_ACTIVE_COMPILATION_CONDITIONS = DEBUG;
				SWIFT_OPTIMIZATION_LEVEL = "-Onone";
			};
			name = Debug;
		};
		04D710B82A886A2800597698 /* Release */ = {
			isa = XCBuildConfiguration;
			buildSettings = {
				ALWAYS_SEARCH_USER_PATHS = NO;
				CLANG_ANALYZER_NONNULL = YES;
				CLANG_ANALYZER_NUMBER_OBJECT_CONVERSION = YES_AGGRESSIVE;
				CLANG_CXX_LANGUAGE_STANDARD = "gnu++17";
				CLANG_ENABLE_MODULES = YES;
				CLANG_ENABLE_OBJC_ARC = YES;
				CLANG_ENABLE_OBJC_WEAK = YES;
				CLANG_WARN_BLOCK_CAPTURE_AUTORELEASING = YES;
				CLANG_WARN_BOOL_CONVERSION = YES;
				CLANG_WARN_COMMA = YES;
				CLANG_WARN_CONSTANT_CONVERSION = YES;
				CLANG_WARN_DEPRECATED_OBJC_IMPLEMENTATIONS = YES;
				CLANG_WARN_DIRECT_OBJC_ISA_USAGE = YES_ERROR;
				CLANG_WARN_DOCUMENTATION_COMMENTS = YES;
				CLANG_WARN_EMPTY_BODY = YES;
				CLANG_WARN_ENUM_CONVERSION = YES;
				CLANG_WARN_INFINITE_RECURSION = YES;
				CLANG_WARN_INT_CONVERSION = YES;
				CLANG_WARN_NON_LITERAL_NULL_CONVERSION = YES;
				CLANG_WARN_OBJC_IMPLICIT_RETAIN_SELF = YES;
				CLANG_WARN_OBJC_LITERAL_CONVERSION = YES;
				CLANG_WARN_OBJC_ROOT_CLASS = YES_ERROR;
				CLANG_WARN_QUOTED_INCLUDE_IN_FRAMEWORK_HEADER = YES;
				CLANG_WARN_RANGE_LOOP_ANALYSIS = YES;
				CLANG_WARN_STRICT_PROTOTYPES = YES;
				CLANG_WARN_SUSPICIOUS_MOVE = YES;
				CLANG_WARN_UNGUARDED_AVAILABILITY = YES_AGGRESSIVE;
				CLANG_WARN_UNREACHABLE_CODE = YES;
				CLANG_WARN__DUPLICATE_METHOD_MATCH = YES;
				COPY_PHASE_STRIP = NO;
				DEBUG_INFORMATION_FORMAT = "dwarf-with-dsym";
				ENABLE_NS_ASSERTIONS = NO;
				ENABLE_STRICT_OBJC_MSGSEND = YES;
				GCC_C_LANGUAGE_STANDARD = gnu11;
				GCC_NO_COMMON_BLOCKS = YES;
				GCC_WARN_64_TO_32_BIT_CONVERSION = YES;
				GCC_WARN_ABOUT_RETURN_TYPE = YES_ERROR;
				GCC_WARN_UNDECLARED_SELECTOR = YES;
				GCC_WARN_UNINITIALIZED_AUTOS = YES_AGGRESSIVE;
				GCC_WARN_UNUSED_FUNCTION = YES;
				GCC_WARN_UNUSED_VARIABLE = YES;
				IPHONEOS_DEPLOYMENT_TARGET = 15.5;
				MTL_ENABLE_DEBUG_INFO = NO;
				MTL_FAST_MATH = YES;
				SDKROOT = iphoneos;
				SWIFT_COMPILATION_MODE = wholemodule;
				SWIFT_OPTIMIZATION_LEVEL = "-O";
				VALIDATE_PRODUCT = YES;
			};
			name = Release;
		};
		04D710BA2A886A2800597698 /* Debug */ = {
			isa = XCBuildConfiguration;
			baseConfigurationReference = A8FF7370AADB4FAC1BF9AE6B /* Pods-RecipeApp.debug.xcconfig */;
			buildSettings = {
				ASSETCATALOG_COMPILER_APPICON_NAME = AppIcon;
				ASSETCATALOG_COMPILER_GLOBAL_ACCENT_COLOR_NAME = AccentColor;
				CODE_SIGN_STYLE = Automatic;
				CURRENT_PROJECT_VERSION = 1;
				DEVELOPMENT_TEAM = MWNZX682Q8;
				GENERATE_INFOPLIST_FILE = YES;
				INFOPLIST_FILE = RecipeApp/Info.plist;
				INFOPLIST_KEY_UIApplicationSupportsIndirectInputEvents = YES;
				INFOPLIST_KEY_UILaunchStoryboardName = LaunchScreen;
				INFOPLIST_KEY_UIMainStoryboardFile = Main;
				INFOPLIST_KEY_UISupportedInterfaceOrientations_iPad = "UIInterfaceOrientationPortrait UIInterfaceOrientationPortraitUpsideDown UIInterfaceOrientationLandscapeLeft UIInterfaceOrientationLandscapeRight";
				INFOPLIST_KEY_UISupportedInterfaceOrientations_iPhone = "UIInterfaceOrientationPortrait UIInterfaceOrientationLandscapeLeft UIInterfaceOrientationLandscapeRight";
				LD_RUNPATH_SEARCH_PATHS = (
					"$(inherited)",
					"@executable_path/Frameworks",
				);
				MARKETING_VERSION = 1.0;
				PRODUCT_BUNDLE_IDENTIFIER = ca.humber.RecipeApp;
				PRODUCT_NAME = "$(TARGET_NAME)";
				SWIFT_EMIT_LOC_STRINGS = YES;
				SWIFT_VERSION = 5.0;
				TARGETED_DEVICE_FAMILY = "1,2";
			};
			name = Debug;
		};
		04D710BB2A886A2800597698 /* Release */ = {
			isa = XCBuildConfiguration;
			baseConfigurationReference = 6902F33A2AE6C40BB3FE1E74 /* Pods-RecipeApp.release.xcconfig */;
			buildSettings = {
				ASSETCATALOG_COMPILER_APPICON_NAME = AppIcon;
				ASSETCATALOG_COMPILER_GLOBAL_ACCENT_COLOR_NAME = AccentColor;
				CODE_SIGN_STYLE = Automatic;
				CURRENT_PROJECT_VERSION = 1;
				DEVELOPMENT_TEAM = MWNZX682Q8;
				GENERATE_INFOPLIST_FILE = YES;
				INFOPLIST_FILE = RecipeApp/Info.plist;
				INFOPLIST_KEY_UIApplicationSupportsIndirectInputEvents = YES;
				INFOPLIST_KEY_UILaunchStoryboardName = LaunchScreen;
				INFOPLIST_KEY_UIMainStoryboardFile = Main;
				INFOPLIST_KEY_UISupportedInterfaceOrientations_iPad = "UIInterfaceOrientationPortrait UIInterfaceOrientationPortraitUpsideDown UIInterfaceOrientationLandscapeLeft UIInterfaceOrientationLandscapeRight";
				INFOPLIST_KEY_UISupportedInterfaceOrientations_iPhone = "UIInterfaceOrientationPortrait UIInterfaceOrientationLandscapeLeft UIInterfaceOrientationLandscapeRight";
				LD_RUNPATH_SEARCH_PATHS = (
					"$(inherited)",
					"@executable_path/Frameworks",
				);
				MARKETING_VERSION = 1.0;
				PRODUCT_BUNDLE_IDENTIFIER = ca.humber.RecipeApp;
				PRODUCT_NAME = "$(TARGET_NAME)";
				SWIFT_EMIT_LOC_STRINGS = YES;
				SWIFT_VERSION = 5.0;
				TARGETED_DEVICE_FAMILY = "1,2";
			};
			name = Release;
		};
/* End XCBuildConfiguration section */

/* Begin XCConfigurationList section */
		04D710A02A886A2700597698 /* Build configuration list for PBXProject "RecipeApp" */ = {
			isa = XCConfigurationList;
			buildConfigurations = (
				04D710B72A886A2800597698 /* Debug */,
				04D710B82A886A2800597698 /* Release */,
			);
			defaultConfigurationIsVisible = 0;
			defaultConfigurationName = Release;
		};
		04D710B92A886A2800597698 /* Build configuration list for PBXNativeTarget "RecipeApp" */ = {
			isa = XCConfigurationList;
			buildConfigurations = (
				04D710BA2A886A2800597698 /* Debug */,
				04D710BB2A886A2800597698 /* Release */,
			);
			defaultConfigurationIsVisible = 0;
			defaultConfigurationName = Release;
		};
/* End XCConfigurationList section */
	};
	rootObject = 04D7109D2A886A2700597698 /* Project object */;
}
